// !$*UTF8*$!
{
	archiveVersion = 1;
	classes = {
	};
	objectVersion = 46;
	objects = {

/* Begin PBXBuildFile section */
		409348A81B6A497F0088D3F2 /* AppDelegate.swift in Sources */ = {isa = PBXBuildFile; fileRef = 409348A71B6A497F0088D3F2 /* AppDelegate.swift */; };
		409348AA1B6A497F0088D3F2 /* ViewController.swift in Sources */ = {isa = PBXBuildFile; fileRef = 409348A91B6A497F0088D3F2 /* ViewController.swift */; };
		409348AD1B6A497F0088D3F2 /* Main.storyboard in Resources */ = {isa = PBXBuildFile; fileRef = 409348AB1B6A497F0088D3F2 /* Main.storyboard */; };
		409348AF1B6A497F0088D3F2 /* Images.xcassets in Resources */ = {isa = PBXBuildFile; fileRef = 409348AE1B6A497F0088D3F2 /* Images.xcassets */; };
		409348B21B6A497F0088D3F2 /* LaunchScreen.xib in Resources */ = {isa = PBXBuildFile; fileRef = 409348B01B6A497F0088D3F2 /* LaunchScreen.xib */; };
		409348BE1B6A497F0088D3F2 /* TagFlowLayoutTests.swift in Sources */ = {isa = PBXBuildFile; fileRef = 409348BD1B6A497F0088D3F2 /* TagFlowLayoutTests.swift */; };
		409348C81B6A4B770088D3F2 /* TagCell.xib in Resources */ = {isa = PBXBuildFile; fileRef = 409348C71B6A4B770088D3F2 /* TagCell.xib */; };
		409348CA1B6A50DE0088D3F2 /* TagCell.swift in Sources */ = {isa = PBXBuildFile; fileRef = 409348C91B6A50DE0088D3F2 /* TagCell.swift */; };
		409348CC1B6A57BD0088D3F2 /* FlowLayout.swift in Sources */ = {isa = PBXBuildFile; fileRef = 409348CB1B6A57BD0088D3F2 /* FlowLayout.swift */; };
		409348CE1B6A67930088D3F2 /* Tag.swift in Sources */ = {isa = PBXBuildFile; fileRef = 409348CD1B6A67930088D3F2 /* Tag.swift */; };
/* End PBXBuildFile section */

/* Begin PBXContainerItemProxy section */
		409348B81B6A497F0088D3F2 /* PBXContainerItemProxy */ = {
			isa = PBXContainerItemProxy;
			containerPortal = 4093489A1B6A497E0088D3F2 /* Project object */;
			proxyType = 1;
			remoteGlobalIDString = 409348A11B6A497E0088D3F2;
			remoteInfo = TagFlowLayout;
		};
/* End PBXContainerItemProxy section */

/* Begin PBXFileReference section */
		409348A21B6A497E0088D3F2 /* TagFlowLayout.app */ = {isa = PBXFileReference; explicitFileType = wrapper.application; includeInIndex = 0; path = TagFlowLayout.app; sourceTree = BUILT_PRODUCTS_DIR; };
		409348A61B6A497F0088D3F2 /* Info.plist */ = {isa = PBXFileReference; lastKnownFileType = text.plist.xml; path = Info.plist; sourceTree = "<group>"; };
		409348A71B6A497F0088D3F2 /* AppDelegate.swift */ = {isa = PBXFileReference; lastKnownFileType = sourcecode.swift; path = AppDelegate.swift; sourceTree = "<group>"; };
		409348A91B6A497F0088D3F2 /* ViewController.swift */ = {isa = PBXFileReference; lastKnownFileType = sourcecode.swift; path = ViewController.swift; sourceTree = "<group>"; };
		409348AC1B6A497F0088D3F2 /* Base */ = {isa = PBXFileReference; lastKnownFileType = file.storyboard; name = Base; path = Base.lproj/Main.storyboard; sourceTree = "<group>"; };
		409348AE1B6A497F0088D3F2 /* Images.xcassets */ = {isa = PBXFileReference; lastKnownFileType = folder.assetcatalog; path = Images.xcassets; sourceTree = "<group>"; };
		409348B11B6A497F0088D3F2 /* Base */ = {isa = PBXFileReference; lastKnownFileType = file.xib; name = Base; path = Base.lproj/LaunchScreen.xib; sourceTree = "<group>"; };
		409348B71B6A497F0088D3F2 /* TagFlowLayoutTests.xctest */ = {isa = PBXFileReference; explicitFileType = wrapper.cfbundle; includeInIndex = 0; path = TagFlowLayoutTests.xctest; sourceTree = BUILT_PRODUCTS_DIR; };
		409348BC1B6A497F0088D3F2 /* Info.plist */ = {isa = PBXFileReference; lastKnownFileType = text.plist.xml; path = Info.plist; sourceTree = "<group>"; };
		409348BD1B6A497F0088D3F2 /* TagFlowLayoutTests.swift */ = {isa = PBXFileReference; lastKnownFileType = sourcecode.swift; path = TagFlowLayoutTests.swift; sourceTree = "<group>"; };
		409348C71B6A4B770088D3F2 /* TagCell.xib */ = {isa = PBXFileReference; fileEncoding = 4; lastKnownFileType = file.xib; path = TagCell.xib; sourceTree = "<group>"; };
		409348C91B6A50DE0088D3F2 /* TagCell.swift */ = {isa = PBXFileReference; fileEncoding = 4; lastKnownFileType = sourcecode.swift; path = TagCell.swift; sourceTree = "<group>"; };
		409348CB1B6A57BD0088D3F2 /* FlowLayout.swift */ = {isa = PBXFileReference; fileEncoding = 4; lastKnownFileType = sourcecode.swift; path = FlowLayout.swift; sourceTree = "<group>"; };
		409348CD1B6A67930088D3F2 /* Tag.swift */ = {isa = PBXFileReference; fileEncoding = 4; lastKnownFileType = sourcecode.swift; path = Tag.swift; sourceTree = "<group>"; };
/* End PBXFileReference section */

/* Begin PBXFrameworksBuildPhase section */
		4093489F1B6A497E0088D3F2 /* Frameworks */ = {
			isa = PBXFrameworksBuildPhase;
			buildActionMask = 2147483647;
			files = (
			);
			runOnlyForDeploymentPostprocessing = 0;
		};
		409348B41B6A497F0088D3F2 /* Frameworks */ = {
			isa = PBXFrameworksBuildPhase;
			buildActionMask = 2147483647;
			files = (
			);
			runOnlyForDeploymentPostprocessing = 0;
		};
/* End PBXFrameworksBuildPhase section */

/* Begin PBXGroup section */
		409348991B6A497E0088D3F2 = {
			isa = PBXGroup;
			children = (
				409348A41B6A497E0088D3F2 /* TagFlowLayout */,
				409348BA1B6A497F0088D3F2 /* TagFlowLayoutTests */,
				409348A31B6A497E0088D3F2 /* Products */,
			);
			sourceTree = "<group>";
		};
		409348A31B6A497E0088D3F2 /* Products */ = {
			isa = PBXGroup;
			children = (
				409348A21B6A497E0088D3F2 /* TagFlowLayout.app */,
				409348B71B6A497F0088D3F2 /* TagFlowLayoutTests.xctest */,
			);
			name = Products;
			sourceTree = "<group>";
		};
		409348A41B6A497E0088D3F2 /* TagFlowLayout */ = {
			isa = PBXGroup;
			children = (
				409348A71B6A497F0088D3F2 /* AppDelegate.swift */,
				409348A91B6A497F0088D3F2 /* ViewController.swift */,
				409348AB1B6A497F0088D3F2 /* Main.storyboard */,
				409348C71B6A4B770088D3F2 /* TagCell.xib */,
				409348AE1B6A497F0088D3F2 /* Images.xcassets */,
				409348B01B6A497F0088D3F2 /* LaunchScreen.xib */,
				409348A51B6A497E0088D3F2 /* Supporting Files */,
				409348C91B6A50DE0088D3F2 /* TagCell.swift */,
				409348CB1B6A57BD0088D3F2 /* FlowLayout.swift */,
				409348CD1B6A67930088D3F2 /* Tag.swift */,
			);
			path = TagFlowLayout;
			sourceTree = "<group>";
		};
		409348A51B6A497E0088D3F2 /* Supporting Files */ = {
			isa = PBXGroup;
			children = (
				409348A61B6A497F0088D3F2 /* Info.plist */,
			);
			name = "Supporting Files";
			sourceTree = "<group>";
		};
		409348BA1B6A497F0088D3F2 /* TagFlowLayoutTests */ = {
			isa = PBXGroup;
			children = (
				409348BD1B6A497F0088D3F2 /* TagFlowLayoutTests.swift */,
				409348BB1B6A497F0088D3F2 /* Supporting Files */,
			);
			path = TagFlowLayoutTests;
			sourceTree = "<group>";
		};
		409348BB1B6A497F0088D3F2 /* Supporting Files */ = {
			isa = PBXGroup;
			children = (
				409348BC1B6A497F0088D3F2 /* Info.plist */,
			);
			name = "Supporting Files";
			sourceTree = "<group>";
		};
/* End PBXGroup section */

/* Begin PBXNativeTarget section */
		409348A11B6A497E0088D3F2 /* TagFlowLayout */ = {
			isa = PBXNativeTarget;
			buildConfigurationList = 409348C11B6A497F0088D3F2 /* Build configuration list for PBXNativeTarget "TagFlowLayout" */;
			buildPhases = (
				4093489E1B6A497E0088D3F2 /* Sources */,
				4093489F1B6A497E0088D3F2 /* Frameworks */,
				409348A01B6A497E0088D3F2 /* Resources */,
			);
			buildRules = (
			);
			dependencies = (
			);
			name = TagFlowLayout;
			productName = TagFlowLayout;
			productReference = 409348A21B6A497E0088D3F2 /* TagFlowLayout.app */;
			productType = "com.apple.product-type.application";
		};
		409348B61B6A497F0088D3F2 /* TagFlowLayoutTests */ = {
			isa = PBXNativeTarget;
			buildConfigurationList = 409348C41B6A497F0088D3F2 /* Build configuration list for PBXNativeTarget "TagFlowLayoutTests" */;
			buildPhases = (
				409348B31B6A497F0088D3F2 /* Sources */,
				409348B41B6A497F0088D3F2 /* Frameworks */,
				409348B51B6A497F0088D3F2 /* Resources */,
			);
			buildRules = (
			);
			dependencies = (
				409348B91B6A497F0088D3F2 /* PBXTargetDependency */,
			);
			name = TagFlowLayoutTests;
			productName = TagFlowLayoutTests;
			productReference = 409348B71B6A497F0088D3F2 /* TagFlowLayoutTests.xctest */;
			productType = "com.apple.product-type.bundle.unit-test";
		};
/* End PBXNativeTarget section */

/* Begin PBXProject section */
		4093489A1B6A497E0088D3F2 /* Project object */ = {
			isa = PBXProject;
			attributes = {
				LastSwiftMigration = 0720;
				LastSwiftUpdateCheck = 0720;
				LastUpgradeCheck = 0720;
				ORGANIZATIONNAME = CodenTrick;
				TargetAttributes = {
					409348A11B6A497E0088D3F2 = {
						CreatedOnToolsVersion = 6.4;
					};
					409348B61B6A497F0088D3F2 = {
						CreatedOnToolsVersion = 6.4;
						TestTargetID = 409348A11B6A497E0088D3F2;
					};
				};
			};
			buildConfigurationList = 4093489D1B6A497E0088D3F2 /* Build configuration list for PBXProject "TagFlowLayout" */;
			compatibilityVersion = "Xcode 3.2";
			developmentRegion = English;
			hasScannedForEncodings = 0;
			knownRegions = (
				en,
				Base,
			);
			mainGroup = 409348991B6A497E0088D3F2;
			productRefGroup = 409348A31B6A497E0088D3F2 /* Products */;
			projectDirPath = "";
			projectRoot = "";
			targets = (
				409348A11B6A497E0088D3F2 /* TagFlowLayout */,
				409348B61B6A497F0088D3F2 /* TagFlowLayoutTests */,
			);
		};
/* End PBXProject section */

/* Begin PBXResourcesBuildPhase section */
		409348A01B6A497E0088D3F2 /* Resources */ = {
			isa = PBXResourcesBuildPhase;
			buildActionMask = 2147483647;
			files = (
				409348C81B6A4B770088D3F2 /* TagCell.xib in Resources */,
				409348AD1B6A497F0088D3F2 /* Main.storyboard in Resources */,
				409348B21B6A497F0088D3F2 /* LaunchScreen.xib in Resources */,
				409348AF1B6A497F0088D3F2 /* Images.xcassets in Resources */,
			);
			runOnlyForDeploymentPostprocessing = 0;
		};
		409348B51B6A497F0088D3F2 /* Resources */ = {
			isa = PBXResourcesBuildPhase;
			buildActionMask = 2147483647;
			files = (
			);
			runOnlyForDeploymentPostprocessing = 0;
		};
/* End PBXResourcesBuildPhase section */

/* Begin PBXSourcesBuildPhase section */
		4093489E1B6A497E0088D3F2 /* Sources */ = {
			isa = PBXSourcesBuildPhase;
			buildActionMask = 2147483647;
			files = (
				409348AA1B6A497F0088D3F2 /* ViewController.swift in Sources */,
				409348CC1B6A57BD0088D3F2 /* FlowLayout.swift in Sources */,
				409348CE1B6A67930088D3F2 /* Tag.swift in Sources */,
				409348A81B6A497F0088D3F2 /* AppDelegate.swift in Sources */,
				409348CA1B6A50DE0088D3F2 /* TagCell.swift in Sources */,
			);
			runOnlyForDeploymentPostprocessing = 0;
		};
		409348B31B6A497F0088D3F2 /* Sources */ = {
			isa = PBXSourcesBuildPhase;
			buildActionMask = 2147483647;
			files = (
				409348BE1B6A497F0088D3F2 /* TagFlowLayoutTests.swift in Sources */,
			);
			runOnlyForDeploymentPostprocessing = 0;
		};
/* End PBXSourcesBuildPhase section */

/* Begin PBXTargetDependency section */
		409348B91B6A497F0088D3F2 /* PBXTargetDependency */ = {
			isa = PBXTargetDependency;
			target = 409348A11B6A497E0088D3F2 /* TagFlowLayout */;
			targetProxy = 409348B81B6A497F0088D3F2 /* PBXContainerItemProxy */;
		};
/* End PBXTargetDependency section */

/* Begin PBXVariantGroup section */
		409348AB1B6A497F0088D3F2 /* Main.storyboard */ = {
			isa = PBXVariantGroup;
			children = (
				409348AC1B6A497F0088D3F2 /* Base */,
			);
			name = Main.storyboard;
			sourceTree = "<group>";
		};
		409348B01B6A497F0088D3F2 /* LaunchScreen.xib */ = {
			isa = PBXVariantGroup;
			children = (
				409348B11B6A497F0088D3F2 /* Base */,
			);
			name = LaunchScreen.xib;
			sourceTree = "<group>";
		};
/* End PBXVariantGroup section */

/* Begin XCBuildConfiguration section */
		409348BF1B6A497F0088D3F2 /* Debug */ = {
			isa = XCBuildConfiguration;
			buildSettings = {
				ALWAYS_SEARCH_USER_PATHS = NO;
				CLANG_CXX_LANGUAGE_STANDARD = "gnu++0x";
				CLANG_CXX_LIBRARY = "libc++";
				CLANG_ENABLE_MODULES = YES;
				CLANG_ENABLE_OBJC_ARC = YES;
				CLANG_WARN_BOOL_CONVERSION = YES;
				CLANG_WARN_CONSTANT_CONVERSION = YES;
				CLANG_WARN_DIRECT_OBJC_ISA_USAGE = YES_ERROR;
				CLANG_WARN_EMPTY_BODY = YES;
				CLANG_WARN_ENUM_CONVERSION = YES;
				CLANG_WARN_INT_CONVERSION = YES;
				CLANG_WARN_OBJC_ROOT_CLASS = YES_ERROR;
				CLANG_WARN_UNREACHABLE_CODE = YES;
				CLANG_WARN__DUPLICATE_METHOD_MATCH = YES;
				"CODE_SIGN_IDENTITY[sdk=iphoneos*]" = "iPhone Developer";
				COPY_PHASE_STRIP = NO;
				DEBUG_INFORMATION_FORMAT = "dwarf-with-dsym";
				ENABLE_STRICT_OBJC_MSGSEND = YES;
				ENABLE_TESTABILITY = YES;
				GCC_C_LANGUAGE_STANDARD = gnu99;
				GCC_DYNAMIC_NO_PIC = NO;
				GCC_NO_COMMON_BLOCKS = YES;
				GCC_OPTIMIZATION_LEVEL = 0;
				GCC_PREPROCESSOR_DEFINITIONS = (
					"DEBUG=1",
					"$(inherited)",
				);
				GCC_SYMBOLS_PRIVATE_EXTERN = NO;
				GCC_WARN_64_TO_32_BIT_CONVERSION = YES;
				GCC_WARN_ABOUT_RETURN_TYPE = YES_ERROR;
				GCC_WARN_UNDECLARED_SELECTOR = YES;
				GCC_WARN_UNINITIALIZED_AUTOS = YES_AGGRESSIVE;
				GCC_WARN_UNUSED_FUNCTION = YES;
				GCC_WARN_UNUSED_VARIABLE = YES;
				IPHONEOS_DEPLOYMENT_TARGET = 8.4;
				MTL_ENABLE_DEBUG_INFO = YES;
				ONLY_ACTIVE_ARCH = YES;
				SDKROOT = iphoneos;
				SWIFT_OPTIMIZATION_LEVEL = "-Onone";
			};
			name = Debug;
		};
		409348C01B6A497F0088D3F2 /* Release */ = {
			isa = XCBuildConfiguration;
			buildSettings = {
				ALWAYS_SEARCH_USER_PATHS = NO;
				CLANG_CXX_LANGUAGE_STANDARD = "gnu++0x";
				CLANG_CXX_LIBRARY = "libc++";
				CLANG_ENABLE_MODULES = YES;
				CLANG_ENABLE_OBJC_ARC = YES;
				CLANG_WARN_BOOL_CONVERSION = YES;
				CLANG_WARN_CONSTANT_CONVERSION = YES;
				CLANG_WARN_DIRECT_OBJC_ISA_USAGE = YES_ERROR;
				CLANG_WARN_EMPTY_BODY = YES;
				CLANG_WARN_ENUM_CONVERSION = YES;
				CLANG_WARN_INT_CONVERSION = YES;
				CLANG_WARN_OBJC_ROOT_CLASS = YES_ERROR;
				CLANG_WARN_UNREACHABLE_CODE = YES;
				CLANG_WARN__DUPLICATE_METHOD_MATCH = YES;
				"CODE_SIGN_IDENTITY[sdk=iphoneos*]" = "iPhone Developer";
				COPY_PHASE_STRIP = NO;
				DEBUG_INFORMATION_FORMAT = "dwarf-with-dsym";
				ENABLE_NS_ASSERTIONS = NO;
				ENABLE_STRICT_OBJC_MSGSEND = YES;
				GCC_C_LANGUAGE_STANDARD = gnu99;
				GCC_NO_COMMON_BLOCKS = YES;
				GCC_WARN_64_TO_32_BIT_CONVERSION = YES;
				GCC_WARN_ABOUT_RETURN_TYPE = YES_ERROR;
				GCC_WARN_UNDECLARED_SELECTOR = YES;
				GCC_WARN_UNINITIALIZED_AUTOS = YES_AGGRESSIVE;
				GCC_WARN_UNUSED_FUNCTION = YES;
				GCC_WARN_UNUSED_VARIABLE = YES;
				IPHONEOS_DEPLOYMENT_TARGET = 8.4;
				MTL_ENABLE_DEBUG_INFO = NO;
				SDKROOT = iphoneos;
				VALIDATE_PRODUCT = YES;
			};
			name = Release;
		};
		409348C21B6A497F0088D3F2 /* Debug */ = {
			isa = XCBuildConfiguration;
			buildSettings = {
				ASSETCATALOG_COMPILER_APPICON_NAME = AppIcon;
				INFOPLIST_FILE = TagFlowLayout/Info.plist;
				LD_RUNPATH_SEARCH_PATHS = "$(inherited) @executable_path/Frameworks";
				PRODUCT_BUNDLE_IDENTIFIER = "com.codentrick.$(PRODUCT_NAME:rfc1034identifier)";
				PRODUCT_NAME = "$(TARGET_NAME)";
			};
			name = Debug;
		};
		409348C31B6A497F0088D3F2 /* Release */ = {
			isa = XCBuildConfiguration;
			buildSettings = {
				ASSETCATALOG_COMPILER_APPICON_NAME = AppIcon;
				INFOPLIST_FILE = TagFlowLayout/Info.plist;
				LD_RUNPATH_SEARCH_PATHS = "$(inherited) @executable_path/Frameworks";
				PRODUCT_BUNDLE_IDENTIFIER = "com.codentrick.$(PRODUCT_NAME:rfc1034identifier)";
				PRODUCT_NAME = "$(TARGET_NAME)";
			};
			name = Release;
		};
		409348C51B6A497F0088D3F2 /* Debug */ = {
			isa = XCBuildConfiguration;
			buildSettings = {
				BUNDLE_LOADER = "$(TEST_HOST)";
				FRAMEWORK_SEARCH_PATHS = (
					"$(SDKROOT)/Developer/Library/Frameworks",
					"$(inherited)",
				);
				GCC_PREPROCESSOR_DEFINITIONS = (
					"DEBUG=1",
					"$(inherited)",
				);
				INFOPLIST_FILE = TagFlowLayoutTests/Info.plist;
				LD_RUNPATH_SEARCH_PATHS = "$(inherited) @executable_path/Frameworks @loader_path/Frameworks";
				PRODUCT_BUNDLE_IDENTIFIER = "com.codentrick.$(PRODUCT_NAME:rfc1034identifier)";
				PRODUCT_NAME = "$(TARGET_NAME)";
				TEST_HOST = "$(BUILT_PRODUCTS_DIR)/TagFlowLayout.app/TagFlowLayout";
			};
			name = Debug;
		};
		409348C61B6A497F0088D3F2 /* Release */ = {
			isa = XCBuildConfiguration;
			buildSettings = {
				BUNDLE_LOADER = "$(TEST_HOST)";
				FRAMEWORK_SEARCH_PATHS = (
					"$(SDKROOT)/Developer/Library/Frameworks",
					"$(inherited)",
				);
				INFOPLIST_FILE = TagFlowLayoutTests/Info.plist;
				LD_RUNPATH_SEARCH_PATHS = "$(inherited) @executable_path/Frameworks @loader_path/Frameworks";
				PRODUCT_BUNDLE_IDENTIFIER = "com.codentrick.$(PRODUCT_NAME:rfc1034identifier)";
				PRODUCT_NAME = "$(TARGET_NAME)";
				TEST_HOST = "$(BUILT_PRODUCTS_DIR)/TagFlowLayout.app/TagFlowLayout";
			};
			name = Release;
		};
/* End XCBuildConfiguration section */

/* Begin XCConfigurationList section */
		4093489D1B6A497E0088D3F2 /* Build configuration list for PBXProject "TagFlowLayout" */ = {
			isa = XCConfigurationList;
			buildConfigurations = (
				409348BF1B6A497F0088D3F2 /* Debug */,
				409348C01B6A497F0088D3F2 /* Release */,
			);
			defaultConfigurationIsVisible = 0;
			defaultConfigurationName = Release;
		};
		409348C11B6A497F0088D3F2 /* Build configuration list for PBXNativeTarget "TagFlowLayout" */ = {
			isa = XCConfigurationList;
			buildConfigurations = (
				409348C21B6A497F0088D3F2 /* Debug */,
				409348C31B6A497F0088D3F2 /* Release */,
			);
			defaultConfigurationIsVisible = 0;
			defaultConfigurationName = Release;
		};
		409348C41B6A497F0088D3F2 /* Build configuration list for PBXNativeTarget "TagFlowLayoutTests" */ = {
			isa = XCConfigurationList;
			buildConfigurations = (
				409348C51B6A497F0088D3F2 /* Debug */,
				409348C61B6A497F0088D3F2 /* Release */,
			);
			defaultConfigurationIsVisible = 0;
			defaultConfigurationName = Release;
		};
/* End XCConfigurationList section */
	};
	rootObject = 4093489A1B6A497E0088D3F2 /* Project object */;
}
